{
  "version": 4,
  "terraform_version": "1.3.7",
  "serial": 58,
  "lineage": "d2b87fe6-5011-bf2d-2f66-b2e9be41fa4e",
  "outputs": {},
  "resources": [
    {
      "module": "module.enabler",
      "mode": "managed",
      "type": "google_artifact_registry_repository",
      "name": "docker-registry",
      "provider": "provider[\"registry.terraform.io/hashicorp/google\"]",
      "instances": [
        {
          "schema_version": 0,
          "attributes": {
            "create_time": "2023-03-03T12:32:49.653056Z",
            "description": "Docker registry",
            "format": "DOCKER",
            "id": "projects/mikes-demo/locations/europe-central2/repositories/docker-registry",
            "kms_key_name": "",
            "labels": {},
            "location": "europe-central2",
            "maven_config": [],
            "name": "docker-registry",
            "project": "mikes-demo",
            "repository_id": "docker-registry",
            "timeouts": null,
            "update_time": "2023-03-03T12:32:49.653056Z"
          },
          "sensitive_attributes": [],
          "private": "eyJlMmJmYjczMC1lY2FhLTExZTYtOGY4OC0zNDM2M2JjN2M0YzAiOnsiY3JlYXRlIjoxMjAwMDAwMDAwMDAwLCJkZWxldGUiOjEyMDAwMDAwMDAwMDAsInVwZGF0ZSI6MTIwMDAwMDAwMDAwMH19"
        }
      ]
    },
    {
      "module": "module.enabler",
      "mode": "managed",
      "type": "google_project_iam_member",
      "name": "application-account-roles",
      "provider": "provider[\"registry.terraform.io/hashicorp/google\"]",
      "instances": [
        {
          "index_key": "roles/apigateway.admin",
          "schema_version": 0,
          "attributes": {
            "condition": [],
            "etag": "BwX2ByexyqA=",
            "id": "mikes-demo/roles/apigateway.admin/serviceAccount:mikes-application@mikes-demo.iam.gserviceaccount.com",
            "member": "serviceAccount:mikes-application@mikes-demo.iam.gserviceaccount.com",
            "project": "mikes-demo",
            "role": "roles/apigateway.admin"
          },
          "sensitive_attributes": [],
          "private": "bnVsbA==",
          "dependencies": [
            "module.enabler.google_service_account.application-account"
          ]
        },
        {
          "index_key": "roles/artifactregistry.admin",
          "schema_version": 0,
          "attributes": {
            "condition": [],
            "etag": "BwX2ByckBhE=",
            "id": "mikes-demo/roles/artifactregistry.admin/serviceAccount:mikes-application@mikes-demo.iam.gserviceaccount.com",
            "member": "serviceAccount:mikes-application@mikes-demo.iam.gserviceaccount.com",
            "project": "mikes-demo",
            "role": "roles/artifactregistry.admin"
          },
          "sensitive_attributes": [],
          "private": "bnVsbA==",
          "dependencies": [
            "module.enabler.google_service_account.application-account"
          ]
        },
        {
          "index_key": "roles/artifactregistry.repoAdmin",
          "schema_version": 0,
          "attributes": {
            "condition": [],
            "etag": "BwX2ByckBhE=",
            "id": "mikes-demo/roles/artifactregistry.repoAdmin/serviceAccount:mikes-application@mikes-demo.iam.gserviceaccount.com",
            "member": "serviceAccount:mikes-application@mikes-demo.iam.gserviceaccount.com",
            "project": "mikes-demo",
            "role": "roles/artifactregistry.repoAdmin"
          },
          "sensitive_attributes": [],
          "private": "bnVsbA==",
          "dependencies": [
            "module.enabler.google_service_account.application-account"
          ]
        },
        {
          "index_key": "roles/iam.serviceAccountAdmin",
          "schema_version": 0,
          "attributes": {
            "condition": [],
            "etag": "BwX2ByckBhE=",
            "id": "mikes-demo/roles/iam.serviceAccountAdmin/serviceAccount:mikes-application@mikes-demo.iam.gserviceaccount.com",
            "member": "serviceAccount:mikes-application@mikes-demo.iam.gserviceaccount.com",
            "project": "mikes-demo",
            "role": "roles/iam.serviceAccountAdmin"
          },
          "sensitive_attributes": [],
          "private": "bnVsbA==",
          "dependencies": [
            "module.enabler.google_service_account.application-account"
          ]
        },
        {
          "index_key": "roles/iam.serviceAccountKeyAdmin",
          "schema_version": 0,
          "attributes": {
            "condition": [],
            "etag": "BwX2ByexyqA=",
            "id": "mikes-demo/roles/iam.serviceAccountKeyAdmin/serviceAccount:mikes-application@mikes-demo.iam.gserviceaccount.com",
            "member": "serviceAccount:mikes-application@mikes-demo.iam.gserviceaccount.com",
            "project": "mikes-demo",
            "role": "roles/iam.serviceAccountKeyAdmin"
          },
          "sensitive_attributes": [],
          "private": "bnVsbA==",
          "dependencies": [
            "module.enabler.google_service_account.application-account"
          ]
        },
        {
          "index_key": "roles/iam.serviceAccountUser",
          "schema_version": 0,
          "attributes": {
            "condition": [],
            "etag": "BwX2ByckBhE=",
            "id": "mikes-demo/roles/iam.serviceAccountUser/serviceAccount:mikes-application@mikes-demo.iam.gserviceaccount.com",
            "member": "serviceAccount:mikes-application@mikes-demo.iam.gserviceaccount.com",
            "project": "mikes-demo",
            "role": "roles/iam.serviceAccountUser"
          },
          "sensitive_attributes": [],
          "private": "bnVsbA==",
          "dependencies": [
            "module.enabler.google_service_account.application-account"
          ]
        },
        {
          "index_key": "roles/pubsub.admin",
          "schema_version": 0,
          "attributes": {
            "condition": [],
            "etag": "BwX2ByckBhE=",
            "id": "mikes-demo/roles/pubsub.admin/serviceAccount:mikes-application@mikes-demo.iam.gserviceaccount.com",
            "member": "serviceAccount:mikes-application@mikes-demo.iam.gserviceaccount.com",
            "project": "mikes-demo",
            "role": "roles/pubsub.admin"
          },
          "sensitive_attributes": [],
          "private": "bnVsbA==",
          "dependencies": [
            "module.enabler.google_service_account.application-account"
          ]
        },
        {
          "index_key": "roles/resourcemanager.projectIamAdmin",
          "schema_version": 0,
          "attributes": {
            "condition": [],
            "etag": "BwX2ByckBhE=",
            "id": "mikes-demo/roles/resourcemanager.projectIamAdmin/serviceAccount:mikes-application@mikes-demo.iam.gserviceaccount.com",
            "member": "serviceAccount:mikes-application@mikes-demo.iam.gserviceaccount.com",
            "project": "mikes-demo",
            "role": "roles/resourcemanager.projectIamAdmin"
          },
          "sensitive_attributes": [],
          "private": "bnVsbA==",
          "dependencies": [
            "module.enabler.google_service_account.application-account"
          ]
        },
        {
          "index_key": "roles/run.admin",
          "schema_version": 0,
          "attributes": {
            "condition": [],
            "etag": "BwX2ByexyqA=",
            "id": "mikes-demo/roles/run.admin/serviceAccount:mikes-application@mikes-demo.iam.gserviceaccount.com",
            "member": "serviceAccount:mikes-application@mikes-demo.iam.gserviceaccount.com",
            "project": "mikes-demo",
            "role": "roles/run.admin"
          },
          "sensitive_attributes": [],
          "private": "bnVsbA==",
          "dependencies": [
            "module.enabler.google_service_account.application-account"
          ]
        },
        {
          "index_key": "roles/servicemanagement.admin",
          "schema_version": 0,
          "attributes": {
            "condition": [],
            "etag": "BwX2ByckBhE=",
            "id": "mikes-demo/roles/servicemanagement.admin/serviceAccount:mikes-application@mikes-demo.iam.gserviceaccount.com",
            "member": "serviceAccount:mikes-application@mikes-demo.iam.gserviceaccount.com",
            "project": "mikes-demo",
            "role": "roles/servicemanagement.admin"
          },
          "sensitive_attributes": [],
          "private": "bnVsbA==",
          "dependencies": [
            "module.enabler.google_service_account.application-account"
          ]
        },
        {
          "index_key": "roles/serviceusage.apiKeysAdmin",
          "schema_version": 0,
          "attributes": {
            "condition": [],
            "etag": "BwX2ByckBhE=",
            "id": "mikes-demo/roles/serviceusage.apiKeysAdmin/serviceAccount:mikes-application@mikes-demo.iam.gserviceaccount.com",
            "member": "serviceAccount:mikes-application@mikes-demo.iam.gserviceaccount.com",
            "project": "mikes-demo",
            "role": "roles/serviceusage.apiKeysAdmin"
          },
          "sensitive_attributes": [],
          "private": "bnVsbA==",
          "dependencies": [
            "module.enabler.google_service_account.application-account"
          ]
        },
        {
          "index_key": "roles/serviceusage.serviceUsageAdmin",
          "schema_version": 0,
          "attributes": {
            "condition": [],
            "etag": "BwX2ByckBhE=",
            "id": "mikes-demo/roles/serviceusage.serviceUsageAdmin/serviceAccount:mikes-application@mikes-demo.iam.gserviceaccount.com",
            "member": "serviceAccount:mikes-application@mikes-demo.iam.gserviceaccount.com",
            "project": "mikes-demo",
            "role": "roles/serviceusage.serviceUsageAdmin"
          },
          "sensitive_attributes": [],
          "private": "bnVsbA==",
          "dependencies": [
            "module.enabler.google_service_account.application-account"
          ]
        },
        {
          "index_key": "roles/storage.admin",
          "schema_version": 0,
          "attributes": {
            "condition": [],
            "etag": "BwX2ByckBhE=",
            "id": "mikes-demo/roles/storage.admin/serviceAccount:mikes-application@mikes-demo.iam.gserviceaccount.com",
            "member": "serviceAccount:mikes-application@mikes-demo.iam.gserviceaccount.com",
            "project": "mikes-demo",
            "role": "roles/storage.admin"
          },
          "sensitive_attributes": [],
          "private": "bnVsbA==",
          "dependencies": [
            "module.enabler.google_service_account.application-account"
          ]
        }
      ]
    },
    {
      "module": "module.enabler",
      "mode": "managed",
      "type": "google_project_service",
      "name": "project_service_iam",
      "provider": "provider[\"registry.terraform.io/hashicorp/google\"]",
      "instances": [
        {
          "index_key": "apigateway.googleapis.com",
          "schema_version": 0,
          "attributes": {
            "disable_dependent_services": null,
            "disable_on_destroy": true,
            "id": "mikes-demo/apigateway.googleapis.com",
            "project": "mikes-demo",
            "service": "apigateway.googleapis.com",
            "timeouts": null
          },
          "sensitive_attributes": [],
          "private": "eyJlMmJmYjczMC1lY2FhLTExZTYtOGY4OC0zNDM2M2JjN2M0YzAiOnsiY3JlYXRlIjoxMjAwMDAwMDAwMDAwLCJkZWxldGUiOjEyMDAwMDAwMDAwMDAsInJlYWQiOjYwMDAwMDAwMDAwMCwidXBkYXRlIjoxMjAwMDAwMDAwMDAwfX0="
        },
        {
          "index_key": "apikeys.googleapis.com",
          "schema_version": 0,
          "attributes": {
            "disable_dependent_services": null,
            "disable_on_destroy": true,
            "id": "mikes-demo/apikeys.googleapis.com",
            "project": "mikes-demo",
            "service": "apikeys.googleapis.com",
            "timeouts": null
          },
          "sensitive_attributes": [],
          "private": "eyJlMmJmYjczMC1lY2FhLTExZTYtOGY4OC0zNDM2M2JjN2M0YzAiOnsiY3JlYXRlIjoxMjAwMDAwMDAwMDAwLCJkZWxldGUiOjEyMDAwMDAwMDAwMDAsInJlYWQiOjYwMDAwMDAwMDAwMCwidXBkYXRlIjoxMjAwMDAwMDAwMDAwfX0="
        },
        {
          "index_key": "artifactregistry.googleapis.com",
          "schema_version": 0,
          "attributes": {
            "disable_dependent_services": null,
            "disable_on_destroy": true,
            "id": "mikes-demo/artifactregistry.googleapis.com",
            "project": "mikes-demo",
            "service": "artifactregistry.googleapis.com",
            "timeouts": null
          },
          "sensitive_attributes": [],
          "private": "eyJlMmJmYjczMC1lY2FhLTExZTYtOGY4OC0zNDM2M2JjN2M0YzAiOnsiY3JlYXRlIjoxMjAwMDAwMDAwMDAwLCJkZWxldGUiOjEyMDAwMDAwMDAwMDAsInJlYWQiOjYwMDAwMDAwMDAwMCwidXBkYXRlIjoxMjAwMDAwMDAwMDAwfX0="
        },
        {
          "index_key": "cloudresourcemanager.googleapis.com",
          "schema_version": 0,
          "attributes": {
            "disable_dependent_services": null,
            "disable_on_destroy": true,
            "id": "mikes-demo/cloudresourcemanager.googleapis.com",
            "project": "mikes-demo",
            "service": "cloudresourcemanager.googleapis.com",
            "timeouts": null
          },
          "sensitive_attributes": [],
          "private": "eyJlMmJmYjczMC1lY2FhLTExZTYtOGY4OC0zNDM2M2JjN2M0YzAiOnsiY3JlYXRlIjoxMjAwMDAwMDAwMDAwLCJkZWxldGUiOjEyMDAwMDAwMDAwMDAsInJlYWQiOjYwMDAwMDAwMDAwMCwidXBkYXRlIjoxMjAwMDAwMDAwMDAwfX0="
        },
        {
          "index_key": "iam.googleapis.com",
          "schema_version": 0,
          "attributes": {
            "disable_dependent_services": null,
            "disable_on_destroy": true,
            "id": "mikes-demo/iam.googleapis.com",
            "project": "mikes-demo",
            "service": "iam.googleapis.com",
            "timeouts": null
          },
          "sensitive_attributes": [],
          "private": "eyJlMmJmYjczMC1lY2FhLTExZTYtOGY4OC0zNDM2M2JjN2M0YzAiOnsiY3JlYXRlIjoxMjAwMDAwMDAwMDAwLCJkZWxldGUiOjEyMDAwMDAwMDAwMDAsInJlYWQiOjYwMDAwMDAwMDAwMCwidXBkYXRlIjoxMjAwMDAwMDAwMDAwfX0="
        },
        {
          "index_key": "pubsub.googleapis.com",
          "schema_version": 0,
          "attributes": {
            "disable_dependent_services": null,
            "disable_on_destroy": true,
            "id": "mikes-demo/pubsub.googleapis.com",
            "project": "mikes-demo",
            "service": "pubsub.googleapis.com",
            "timeouts": null
          },
          "sensitive_attributes": [],
          "private": "eyJlMmJmYjczMC1lY2FhLTExZTYtOGY4OC0zNDM2M2JjN2M0YzAiOnsiY3JlYXRlIjoxMjAwMDAwMDAwMDAwLCJkZWxldGUiOjEyMDAwMDAwMDAwMDAsInJlYWQiOjYwMDAwMDAwMDAwMCwidXBkYXRlIjoxMjAwMDAwMDAwMDAwfX0="
        },
        {
          "index_key": "run.googleapis.com",
          "schema_version": 0,
          "attributes": {
            "disable_dependent_services": null,
            "disable_on_destroy": true,
            "id": "mikes-demo/run.googleapis.com",
            "project": "mikes-demo",
            "service": "run.googleapis.com",
            "timeouts": null
          },
          "sensitive_attributes": [],
          "private": "eyJlMmJmYjczMC1lY2FhLTExZTYtOGY4OC0zNDM2M2JjN2M0YzAiOnsiY3JlYXRlIjoxMjAwMDAwMDAwMDAwLCJkZWxldGUiOjEyMDAwMDAwMDAwMDAsInJlYWQiOjYwMDAwMDAwMDAwMCwidXBkYXRlIjoxMjAwMDAwMDAwMDAwfX0="
        },
        {
          "index_key": "servicecontrol.googleapis.com",
          "schema_version": 0,
          "attributes": {
            "disable_dependent_services": null,
            "disable_on_destroy": true,
            "id": "mikes-demo/servicecontrol.googleapis.com",
            "project": "mikes-demo",
            "service": "servicecontrol.googleapis.com",
            "timeouts": null
          },
          "sensitive_attributes": [],
          "private": "eyJlMmJmYjczMC1lY2FhLTExZTYtOGY4OC0zNDM2M2JjN2M0YzAiOnsiY3JlYXRlIjoxMjAwMDAwMDAwMDAwLCJkZWxldGUiOjEyMDAwMDAwMDAwMDAsInJlYWQiOjYwMDAwMDAwMDAwMCwidXBkYXRlIjoxMjAwMDAwMDAwMDAwfX0="
        },
        {
          "index_key": "servicemanagement.googleapis.com",
          "schema_version": 0,
          "attributes": {
            "disable_dependent_services": null,
            "disable_on_destroy": true,
            "id": "mikes-demo/servicemanagement.googleapis.com",
            "project": "mikes-demo",
            "service": "servicemanagement.googleapis.com",
            "timeouts": null
          },
          "sensitive_attributes": [],
          "private": "eyJlMmJmYjczMC1lY2FhLTExZTYtOGY4OC0zNDM2M2JjN2M0YzAiOnsiY3JlYXRlIjoxMjAwMDAwMDAwMDAwLCJkZWxldGUiOjEyMDAwMDAwMDAwMDAsInJlYWQiOjYwMDAwMDAwMDAwMCwidXBkYXRlIjoxMjAwMDAwMDAwMDAwfX0="
        },
        {
          "index_key": "serviceusage.googleapis.com",
          "schema_version": 0,
          "attributes": {
            "disable_dependent_services": null,
            "disable_on_destroy": true,
            "id": "mikes-demo/serviceusage.googleapis.com",
            "project": "mikes-demo",
            "service": "serviceusage.googleapis.com",
            "timeouts": null
          },
          "sensitive_attributes": [],
          "private": "eyJlMmJmYjczMC1lY2FhLTExZTYtOGY4OC0zNDM2M2JjN2M0YzAiOnsiY3JlYXRlIjoxMjAwMDAwMDAwMDAwLCJkZWxldGUiOjEyMDAwMDAwMDAwMDAsInJlYWQiOjYwMDAwMDAwMDAwMCwidXBkYXRlIjoxMjAwMDAwMDAwMDAwfX0="
        },
        {
          "index_key": "storage.googleapis.com",
          "schema_version": 0,
          "attributes": {
            "disable_dependent_services": null,
            "disable_on_destroy": true,
            "id": "mikes-demo/storage.googleapis.com",
            "project": "mikes-demo",
            "service": "storage.googleapis.com",
            "timeouts": null
          },
          "sensitive_attributes": [],
          "private": "eyJlMmJmYjczMC1lY2FhLTExZTYtOGY4OC0zNDM2M2JjN2M0YzAiOnsiY3JlYXRlIjoxMjAwMDAwMDAwMDAwLCJkZWxldGUiOjEyMDAwMDAwMDAwMDAsInJlYWQiOjYwMDAwMDAwMDAwMCwidXBkYXRlIjoxMjAwMDAwMDAwMDAwfX0="
        }
      ]
    },
    {
      "module": "module.enabler",
      "mode": "managed",
      "type": "google_service_account",
      "name": "application-account",
      "provider": "provider[\"registry.terraform.io/hashicorp/google\"]",
      "instances": [
        {
          "schema_version": 0,
          "attributes": {
            "account_id": "mikes-application",
            "description": "",
            "disabled": false,
            "display_name": "Mikes application",
            "email": "mikes-application@mikes-demo.iam.gserviceaccount.com",
            "id": "projects/mikes-demo/serviceAccounts/mikes-application@mikes-demo.iam.gserviceaccount.com",
            "member": "serviceAccount:mikes-application@mikes-demo.iam.gserviceaccount.com",
            "name": "projects/mikes-demo/serviceAccounts/mikes-application@mikes-demo.iam.gserviceaccount.com",
            "project": "mikes-demo",
            "timeouts": null,
            "unique_id": "107336916212144648325"
          },
          "sensitive_attributes": [],
          "private": "eyJlMmJmYjczMC1lY2FhLTExZTYtOGY4OC0zNDM2M2JjN2M0YzAiOnsiY3JlYXRlIjozMDAwMDAwMDAwMDB9fQ=="
        }
      ]
    },
    {
      "module": "module.enabler",
      "mode": "managed",
      "type": "google_storage_bucket",
      "name": "mikes-bucket",
      "provider": "provider[\"registry.terraform.io/hashicorp/google\"]",
      "instances": [
        {
          "schema_version": 0,
          "attributes": {
            "autoclass": [],
            "cors": [],
            "custom_placement_config": [],
            "default_event_based_hold": false,
            "encryption": [],
            "force_destroy": false,
            "id": "mikes-demo-mikes-demo-bucket",
            "labels": {},
            "lifecycle_rule": [],
            "location": "EUROPE-CENTRAL2",
            "logging": [],
            "name": "mikes-demo-mikes-demo-bucket",
            "project": "mikes-demo",
            "public_access_prevention": "inherited",
            "requester_pays": false,
            "retention_policy": [],
            "self_link": "https://www.googleapis.com/storage/v1/b/mikes-demo-mikes-demo-bucket",
            "storage_class": "STANDARD",
            "timeouts": null,
            "uniform_bucket_level_access": true,
            "url": "gs://mikes-demo-mikes-demo-bucket",
            "versioning": [
              {
                "enabled": true
              }
            ],
            "website": []
          },
          "sensitive_attributes": [],
          "private": "eyJlMmJmYjczMC1lY2FhLTExZTYtOGY4OC0zNDM2M2JjN2M0YzAiOnsiY3JlYXRlIjo2MDAwMDAwMDAwMDAsInJlYWQiOjI0MDAwMDAwMDAwMCwidXBkYXRlIjoyNDAwMDAwMDAwMDB9fQ=="
        }
      ]
    }
  ],
  "check_results": null
}
